Microsoft Visual Studio Solution File, Format Version 12.00
# Visual Studio Version 17
VisualStudioVersion = 17.12.35514.174
MinimumVisualStudioVersion = 10.0.40219.1
Project("{FAE04EC0-301F-11D3-BF4B-00C04F79EFBC}") = "MyHome.AppHost", "MyHome.AppHost\MyHome.AppHost.csproj", "{6D02FE40-01BC-4C64-A5FB-05E819A97F8F}"
EndProject
Project("{FAE04EC0-301F-11D3-BF4B-00C04F79EFBC}") = "MyHome.ServiceDefaults", "MyHome.ServiceDefaults\MyHome.ServiceDefaults.csproj", "{3C6031A2-80C7-4283-BEA6-46F63E3A1A6F}"
EndProject
Project("{FAE04EC0-301F-11D3-BF4B-00C04F79EFBC}") = "MyHome.ApiService", "MyHome.ApiService\MyHome.ApiService.csproj", "{9D98EDEB-EB64-419C-88F7-3FC4A453E5ED}"
EndProject
Project("{FAE04EC0-301F-11D3-BF4B-00C04F79EFBC}") = "MyHome.Web", "MyHome.Web\MyHome.Web.csproj", "{5269DB89-B6D6-4966-8728-C420000EFB2C}"
EndProject
Project("{FAE04EC0-301F-11D3-BF4B-00C04F79EFBC}") = "MyHome.Tests", "MyHome.Tests\MyHome.Tests.csproj", "{55CEEECA-4AF6-4458-A0C1-A5B27DF34839}"
EndProject
Project("{FAE04EC0-301F-11D3-BF4B-00C04F79EFBC}") = "MyHome.Core", "MyHome.Core\MyHome.Core.csproj", "{B35D11D2-9B5E-45D6-A326-68B590B1ACB6}"
EndProject
Project("{FAE04EC0-301F-11D3-BF4B-00C04F79EFBC}") = "MyHome.Core.Models", "MyHome.Core.Models\MyHome.Core.Models.csproj", "{7BE483A5-FFAC-475A-A348-F28C7AB37B6E}"
EndProject
Project("{2150E333-8FDC-42A3-9474-1A3956D46DE8}") = "backend", "backend", "{70F4E5A1-EA4D-4351-8C78-6363E59DFA50}"
EndProject
Project("{2150E333-8FDC-42A3-9474-1A3956D46DE8}") = "shared", "shared", "{4E4DFD88-C0EE-4A7C-9BBE-AC6A60B745FB}"
EndProject
Project("{2150E333-8FDC-42A3-9474-1A3956D46DE8}") = "hosting", "hosting", "{E166138C-608C-48B1-96BA-928184552E37}"
EndProject
Project("{2150E333-8FDC-42A3-9474-1A3956D46DE8}") = "frontend", "frontend", "{C95A47A7-F5F7-4970-8102-10E019E149EF}"
EndProject
Project("{FAE04EC0-301F-11D3-BF4B-00C04F79EFBC}") = "MyHome.Data", "MyHome.Data\MyHome.Data.csproj", "{0316B4ED-DC62-4A8D-9910-D3ECA351CBFA}"
EndProject
Global
	GlobalSection(SolutionConfigurationPlatforms) = preSolution
		Debug|Any CPU = Debug|Any CPU
		Release|Any CPU = Release|Any CPU
	EndGlobalSection
	GlobalSection(ProjectConfigurationPlatforms) = postSolution
		{6D02FE40-01BC-4C64-A5FB-05E819A97F8F}.Debug|Any CPU.ActiveCfg = Debug|Any CPU
		{6D02FE40-01BC-4C64-A5FB-05E819A97F8F}.Debug|Any CPU.Build.0 = Debug|Any CPU
		{6D02FE40-01BC-4C64-A5FB-05E819A97F8F}.Release|Any CPU.ActiveCfg = Release|Any CPU
		{6D02FE40-01BC-4C64-A5FB-05E819A97F8F}.Release|Any CPU.Build.0 = Release|Any CPU
		{3C6031A2-80C7-4283-BEA6-46F63E3A1A6F}.Debug|Any CPU.ActiveCfg = Debug|Any CPU
		{3C6031A2-80C7-4283-BEA6-46F63E3A1A6F}.Debug|Any CPU.Build.0 = Debug|Any CPU
		{3C6031A2-80C7-4283-BEA6-46F63E3A1A6F}.Release|Any CPU.ActiveCfg = Release|Any CPU
		{3C6031A2-80C7-4283-BEA6-46F63E3A1A6F}.Release|Any CPU.Build.0 = Release|Any CPU
		{9D98EDEB-EB64-419C-88F7-3FC4A453E5ED}.Debug|Any CPU.ActiveCfg = Debug|Any CPU
		{9D98EDEB-EB64-419C-88F7-3FC4A453E5ED}.Debug|Any CPU.Build.0 = Debug|Any CPU
		{9D98EDEB-EB64-419C-88F7-3FC4A453E5ED}.Release|Any CPU.ActiveCfg = Release|Any CPU
		{9D98EDEB-EB64-419C-88F7-3FC4A453E5ED}.Release|Any CPU.Build.0 = Release|Any CPU
		{5269DB89-B6D6-4966-8728-C420000EFB2C}.Debug|Any CPU.ActiveCfg = Debug|Any CPU
		{5269DB89-B6D6-4966-8728-C420000EFB2C}.Debug|Any CPU.Build.0 = Debug|Any CPU
		{5269DB89-B6D6-4966-8728-C420000EFB2C}.Release|Any CPU.ActiveCfg = Release|Any CPU
		{5269DB89-B6D6-4966-8728-C420000EFB2C}.Release|Any CPU.Build.0 = Release|Any CPU
		{55CEEECA-4AF6-4458-A0C1-A5B27DF34839}.Debug|Any CPU.ActiveCfg = Debug|Any CPU
		{55CEEECA-4AF6-4458-A0C1-A5B27DF34839}.Debug|Any CPU.Build.0 = Debug|Any CPU
		{55CEEECA-4AF6-4458-A0C1-A5B27DF34839}.Release|Any CPU.ActiveCfg = Release|Any CPU
		{55CEEECA-4AF6-4458-A0C1-A5B27DF34839}.Release|Any CPU.Build.0 = Release|Any CPU
		{B35D11D2-9B5E-45D6-A326-68B590B1ACB6}.Debug|Any CPU.ActiveCfg = Debug|Any CPU
		{B35D11D2-9B5E-45D6-A326-68B590B1ACB6}.Debug|Any CPU.Build.0 = Debug|Any CPU
		{B35D11D2-9B5E-45D6-A326-68B590B1ACB6}.Release|Any CPU.ActiveCfg = Release|Any CPU
		{B35D11D2-9B5E-45D6-A326-68B590B1ACB6}.Release|Any CPU.Build.0 = Release|Any CPU
		{7BE483A5-FFAC-475A-A348-F28C7AB37B6E}.Debug|Any CPU.ActiveCfg = Debug|Any CPU
		{7BE483A5-FFAC-475A-A348-F28C7AB37B6E}.Debug|Any CPU.Build.0 = Debug|Any CPU
		{7BE483A5-FFAC-475A-A348-F28C7AB37B6E}.Release|Any CPU.ActiveCfg = Release|Any CPU
		{7BE483A5-FFAC-475A-A348-F28C7AB37B6E}.Release|Any CPU.Build.0 = Release|Any CPU
		{0316B4ED-DC62-4A8D-9910-D3ECA351CBFA}.Debug|Any CPU.ActiveCfg = Debug|Any CPU
		{0316B4ED-DC62-4A8D-9910-D3ECA351CBFA}.Debug|Any CPU.Build.0 = Debug|Any CPU
		{0316B4ED-DC62-4A8D-9910-D3ECA351CBFA}.Release|Any CPU.ActiveCfg = Release|Any CPU
		{0316B4ED-DC62-4A8D-9910-D3ECA351CBFA}.Release|Any CPU.Build.0 = Release|Any CPU
	EndGlobalSection
	GlobalSection(SolutionProperties) = preSolution
		HideSolutionNode = FALSE
	EndGlobalSection
	GlobalSection(NestedProjects) = preSolution
		{6D02FE40-01BC-4C64-A5FB-05E819A97F8F} = {E166138C-608C-48B1-96BA-928184552E37}
		{3C6031A2-80C7-4283-BEA6-46F63E3A1A6F} = {E166138C-608C-48B1-96BA-928184552E37}
		{9D98EDEB-EB64-419C-88F7-3FC4A453E5ED} = {70F4E5A1-EA4D-4351-8C78-6363E59DFA50}
		{5269DB89-B6D6-4966-8728-C420000EFB2C} = {C95A47A7-F5F7-4970-8102-10E019E149EF}
		{55CEEECA-4AF6-4458-A0C1-A5B27DF34839} = {70F4E5A1-EA4D-4351-8C78-6363E59DFA50}
		{B35D11D2-9B5E-45D6-A326-68B590B1ACB6} = {70F4E5A1-EA4D-4351-8C78-6363E59DFA50}
		{7BE483A5-FFAC-475A-A348-F28C7AB37B6E} = {4E4DFD88-C0EE-4A7C-9BBE-AC6A60B745FB}
		{0316B4ED-DC62-4A8D-9910-D3ECA351CBFA} = {70F4E5A1-EA4D-4351-8C78-6363E59DFA50}
	EndGlobalSection
	GlobalSection(ExtensibilityGlobals) = postSolution
		SolutionGuid = {92CB6625-7FC6-40EF-9779-CED6E23A6654}
	EndGlobalSection
EndGlobal
